// !$*UTF8*$!
{
	archiveVersion = 1;
	classes = {
	};
	objectVersion = 56;
	objects = {

/* Begin PBXBuildFile section */
		AA0915D72A564B4F00579217 /* Label+CoreDataClass.swift in Sources */ = {isa = PBXBuildFile; fileRef = AA0915D52A564B4F00579217 /* Label+CoreDataClass.swift */; };
		AA0915D82A564B4F00579217 /* Label+CoreDataProperties.swift in Sources */ = {isa = PBXBuildFile; fileRef = AA0915D62A564B4F00579217 /* Label+CoreDataProperties.swift */; };
		AA74E2842A53D176007ABD4C /* FolderTableViewCell.swift in Sources */ = {isa = PBXBuildFile; fileRef = AA74E2822A53D176007ABD4C /* FolderTableViewCell.swift */; };
		AA74E2852A53D176007ABD4C /* FolderTableViewCell.xib in Resources */ = {isa = PBXBuildFile; fileRef = AA74E2832A53D176007ABD4C /* FolderTableViewCell.xib */; };
		AA74E2872A53D7B9007ABD4C /* Constants.swift in Sources */ = {isa = PBXBuildFile; fileRef = AA74E2862A53D7B9007ABD4C /* Constants.swift */; };
		AA74E2932A564257007ABD4C /* CoreDataStack.swift in Sources */ = {isa = PBXBuildFile; fileRef = AA74E2912A564257007ABD4C /* CoreDataStack.swift */; };
		AA74E2942A564257007ABD4C /* ColorTransformer.swift in Sources */ = {isa = PBXBuildFile; fileRef = AA74E2922A564257007ABD4C /* ColorTransformer.swift */; };
		AA74E2972A564394007ABD4C /* Folder+CoreDataClass.swift in Sources */ = {isa = PBXBuildFile; fileRef = AA74E2952A564394007ABD4C /* Folder+CoreDataClass.swift */; };
		AA74E2982A564394007ABD4C /* Folder+CoreDataProperties.swift in Sources */ = {isa = PBXBuildFile; fileRef = AA74E2962A564394007ABD4C /* Folder+CoreDataProperties.swift */; };
		AA74E29B2A5646BF007ABD4C /* Noting.xcdatamodeld in Sources */ = {isa = PBXBuildFile; fileRef = AA74E2992A5646BF007ABD4C /* Noting.xcdatamodeld */; };
		AAC59AFC2A4E6BE000080A4E /* AppDelegate.swift in Sources */ = {isa = PBXBuildFile; fileRef = AAC59AFB2A4E6BE000080A4E /* AppDelegate.swift */; };
		AAC59AFE2A4E6BE000080A4E /* SceneDelegate.swift in Sources */ = {isa = PBXBuildFile; fileRef = AAC59AFD2A4E6BE000080A4E /* SceneDelegate.swift */; };
		AAC59B002A4E6BE000080A4E /* LibraryViewController.swift in Sources */ = {isa = PBXBuildFile; fileRef = AAC59AFF2A4E6BE000080A4E /* LibraryViewController.swift */; };
		AAC59B032A4E6BE000080A4E /* Main.storyboard in Resources */ = {isa = PBXBuildFile; fileRef = AAC59B012A4E6BE000080A4E /* Main.storyboard */; };
		AAC59B082A4E6BE100080A4E /* Assets.xcassets in Resources */ = {isa = PBXBuildFile; fileRef = AAC59B072A4E6BE100080A4E /* Assets.xcassets */; };
		AAC59B0B2A4E6BE100080A4E /* LaunchScreen.storyboard in Resources */ = {isa = PBXBuildFile; fileRef = AAC59B092A4E6BE100080A4E /* LaunchScreen.storyboard */; };
/* End PBXBuildFile section */

/* Begin PBXFileReference section */
		AA0915D52A564B4F00579217 /* Label+CoreDataClass.swift */ = {isa = PBXFileReference; lastKnownFileType = sourcecode.swift; path = "Label+CoreDataClass.swift"; sourceTree = "<group>"; };
		AA0915D62A564B4F00579217 /* Label+CoreDataProperties.swift */ = {isa = PBXFileReference; lastKnownFileType = sourcecode.swift; path = "Label+CoreDataProperties.swift"; sourceTree = "<group>"; };
		AA74E2822A53D176007ABD4C /* FolderTableViewCell.swift */ = {isa = PBXFileReference; lastKnownFileType = sourcecode.swift; path = FolderTableViewCell.swift; sourceTree = "<group>"; };
		AA74E2832A53D176007ABD4C /* FolderTableViewCell.xib */ = {isa = PBXFileReference; lastKnownFileType = file.xib; path = FolderTableViewCell.xib; sourceTree = "<group>"; };
		AA74E2862A53D7B9007ABD4C /* Constants.swift */ = {isa = PBXFileReference; lastKnownFileType = sourcecode.swift; path = Constants.swift; sourceTree = "<group>"; };
		AA74E2912A564257007ABD4C /* CoreDataStack.swift */ = {isa = PBXFileReference; fileEncoding = 4; lastKnownFileType = sourcecode.swift; path = CoreDataStack.swift; sourceTree = "<group>"; };
		AA74E2922A564257007ABD4C /* ColorTransformer.swift */ = {isa = PBXFileReference; fileEncoding = 4; lastKnownFileType = sourcecode.swift; path = ColorTransformer.swift; sourceTree = "<group>"; };
		AA74E2952A564394007ABD4C /* Folder+CoreDataClass.swift */ = {isa = PBXFileReference; lastKnownFileType = sourcecode.swift; path = "Folder+CoreDataClass.swift"; sourceTree = "<group>"; };
		AA74E2962A564394007ABD4C /* Folder+CoreDataProperties.swift */ = {isa = PBXFileReference; lastKnownFileType = sourcecode.swift; path = "Folder+CoreDataProperties.swift"; sourceTree = "<group>"; };
		AA74E29A2A5646BF007ABD4C /* Noting.xcdatamodel */ = {isa = PBXFileReference; lastKnownFileType = wrapper.xcdatamodel; path = Noting.xcdatamodel; sourceTree = "<group>"; };
		AAC59AF82A4E6BE000080A4E /* Noting.app */ = {isa = PBXFileReference; explicitFileType = wrapper.application; includeInIndex = 0; path = Noting.app; sourceTree = BUILT_PRODUCTS_DIR; };
		AAC59AFB2A4E6BE000080A4E /* AppDelegate.swift */ = {isa = PBXFileReference; lastKnownFileType = sourcecode.swift; path = AppDelegate.swift; sourceTree = "<group>"; };
		AAC59AFD2A4E6BE000080A4E /* SceneDelegate.swift */ = {isa = PBXFileReference; lastKnownFileType = sourcecode.swift; path = SceneDelegate.swift; sourceTree = "<group>"; };
		AAC59AFF2A4E6BE000080A4E /* LibraryViewController.swift */ = {isa = PBXFileReference; lastKnownFileType = sourcecode.swift; path = LibraryViewController.swift; sourceTree = "<group>"; };
		AAC59B022A4E6BE000080A4E /* Base */ = {isa = PBXFileReference; lastKnownFileType = file.storyboard; name = Base; path = Base.lproj/Main.storyboard; sourceTree = "<group>"; };
		AAC59B072A4E6BE100080A4E /* Assets.xcassets */ = {isa = PBXFileReference; lastKnownFileType = folder.assetcatalog; path = Assets.xcassets; sourceTree = "<group>"; };
		AAC59B0A2A4E6BE100080A4E /* Base */ = {isa = PBXFileReference; lastKnownFileType = file.storyboard; name = Base; path = Base.lproj/LaunchScreen.storyboard; sourceTree = "<group>"; };
		AAC59B0C2A4E6BE100080A4E /* Info.plist */ = {isa = PBXFileReference; lastKnownFileType = text.plist.xml; path = Info.plist; sourceTree = "<group>"; };
/* End PBXFileReference section */

/* Begin PBXFrameworksBuildPhase section */
		AAC59AF52A4E6BE000080A4E /* Frameworks */ = {
			isa = PBXFrameworksBuildPhase;
			buildActionMask = 2147483647;
			files = (
			);
			runOnlyForDeploymentPostprocessing = 0;
		};
/* End PBXFrameworksBuildPhase section */

/* Begin PBXGroup section */
		AA74E2902A564257007ABD4C /* CoreData */ = {
			isa = PBXGroup;
			children = (
				AA0915D52A564B4F00579217 /* Label+CoreDataClass.swift */,
				AA0915D62A564B4F00579217 /* Label+CoreDataProperties.swift */,
				AA74E2952A564394007ABD4C /* Folder+CoreDataClass.swift */,
				AA74E2962A564394007ABD4C /* Folder+CoreDataProperties.swift */,
				AA74E2912A564257007ABD4C /* CoreDataStack.swift */,
				AA74E2922A564257007ABD4C /* ColorTransformer.swift */,
			);
			path = CoreData;
			sourceTree = "<group>";
		};
		AAC59AEF2A4E6BE000080A4E = {
			isa = PBXGroup;
			children = (
				AAC59AFA2A4E6BE000080A4E /* Noting */,
				AAC59AF92A4E6BE000080A4E /* Products */,
			);
			sourceTree = "<group>";
		};
		AAC59AF92A4E6BE000080A4E /* Products */ = {
			isa = PBXGroup;
			children = (
				AAC59AF82A4E6BE000080A4E /* Noting.app */,
			);
			name = Products;
			sourceTree = "<group>";
		};
		AAC59AFA2A4E6BE000080A4E /* Noting */ = {
			isa = PBXGroup;
			children = (
				AA74E2902A564257007ABD4C /* CoreData */,
				AAC59B142A4E726A00080A4E /* Controller */,
				AAC59B132A4E726000080A4E /* View */,
				AAC59B122A4E725400080A4E /* Model */,
				AA74E2862A53D7B9007ABD4C /* Constants.swift */,
				AAC59AFB2A4E6BE000080A4E /* AppDelegate.swift */,
				AAC59AFD2A4E6BE000080A4E /* SceneDelegate.swift */,
				AAC59B012A4E6BE000080A4E /* Main.storyboard */,
				AAC59B072A4E6BE100080A4E /* Assets.xcassets */,
				AAC59B092A4E6BE100080A4E /* LaunchScreen.storyboard */,
				AAC59B0C2A4E6BE100080A4E /* Info.plist */,
				AA74E2992A5646BF007ABD4C /* Noting.xcdatamodeld */,
			);
			path = Noting;
			sourceTree = "<group>";
		};
		AAC59B122A4E725400080A4E /* Model */ = {
			isa = PBXGroup;
			children = (
			);
			path = Model;
			sourceTree = "<group>";
		};
		AAC59B132A4E726000080A4E /* View */ = {
			isa = PBXGroup;
			children = (
				AA74E2822A53D176007ABD4C /* FolderTableViewCell.swift */,
				AA74E2832A53D176007ABD4C /* FolderTableViewCell.xib */,
			);
			path = View;
			sourceTree = "<group>";
		};
		AAC59B142A4E726A00080A4E /* Controller */ = {
			isa = PBXGroup;
			children = (
				AAC59AFF2A4E6BE000080A4E /* LibraryViewController.swift */,
			);
			path = Controller;
			sourceTree = "<group>";
		};
/* End PBXGroup section */

/* Begin PBXNativeTarget section */
		AAC59AF72A4E6BE000080A4E /* Noting */ = {
			isa = PBXNativeTarget;
			buildConfigurationList = AAC59B0F2A4E6BE100080A4E /* Build configuration list for PBXNativeTarget "Noting" */;
			buildPhases = (
				AAC59AF42A4E6BE000080A4E /* Sources */,
				AAC59AF52A4E6BE000080A4E /* Frameworks */,
				AAC59AF62A4E6BE000080A4E /* Resources */,
			);
			buildRules = (
			);
			dependencies = (
			);
			name = Noting;
			productName = Noting;
			productReference = AAC59AF82A4E6BE000080A4E /* Noting.app */;
			productType = "com.apple.product-type.application";
		};
/* End PBXNativeTarget section */

/* Begin PBXProject section */
		AAC59AF02A4E6BE000080A4E /* Project object */ = {
			isa = PBXProject;
			attributes = {
				BuildIndependentTargetsInParallel = 1;
				LastSwiftUpdateCheck = 1430;
				LastUpgradeCheck = 1430;
				TargetAttributes = {
					AAC59AF72A4E6BE000080A4E = {
						CreatedOnToolsVersion = 14.3.1;
					};
				};
			};
			buildConfigurationList = AAC59AF32A4E6BE000080A4E /* Build configuration list for PBXProject "Noting" */;
			compatibilityVersion = "Xcode 14.0";
			developmentRegion = en;
			hasScannedForEncodings = 0;
			knownRegions = (
				en,
				Base,
			);
			mainGroup = AAC59AEF2A4E6BE000080A4E;
			productRefGroup = AAC59AF92A4E6BE000080A4E /* Products */;
			projectDirPath = "";
			projectRoot = "";
			targets = (
				AAC59AF72A4E6BE000080A4E /* Noting */,
			);
		};
/* End PBXProject section */

/* Begin PBXResourcesBuildPhase section */
		AAC59AF62A4E6BE000080A4E /* Resources */ = {
			isa = PBXResourcesBuildPhase;
			buildActionMask = 2147483647;
			files = (
				AAC59B0B2A4E6BE100080A4E /* LaunchScreen.storyboard in Resources */,
				AAC59B082A4E6BE100080A4E /* Assets.xcassets in Resources */,
				AAC59B032A4E6BE000080A4E /* Main.storyboard in Resources */,
				AA74E2852A53D176007ABD4C /* FolderTableViewCell.xib in Resources */,
			);
			runOnlyForDeploymentPostprocessing = 0;
		};
/* End PBXResourcesBuildPhase section */

/* Begin PBXSourcesBuildPhase section */
		AAC59AF42A4E6BE000080A4E /* Sources */ = {
			isa = PBXSourcesBuildPhase;
			buildActionMask = 2147483647;
			files = (
				AA74E29B2A5646BF007ABD4C /* Noting.xcdatamodeld in Sources */,
				AAC59B002A4E6BE000080A4E /* LibraryViewController.swift in Sources */,
				AA74E2842A53D176007ABD4C /* FolderTableViewCell.swift in Sources */,
				AA74E2972A564394007ABD4C /* Folder+CoreDataClass.swift in Sources */,
				AA0915D82A564B4F00579217 /* Label+CoreDataProperties.swift in Sources */,
				AA74E2982A564394007ABD4C /* Folder+CoreDataProperties.swift in Sources */,
				AA74E2932A564257007ABD4C /* CoreDataStack.swift in Sources */,
				AA74E2942A564257007ABD4C /* ColorTransformer.swift in Sources */,
				AA0915D72A564B4F00579217 /* Label+CoreDataClass.swift in Sources */,
				AAC59AFC2A4E6BE000080A4E /* AppDelegate.swift in Sources */,
				AAC59AFE2A4E6BE000080A4E /* SceneDelegate.swift in Sources */,
				AA74E2872A53D7B9007ABD4C /* Constants.swift in Sources */,
			);
			runOnlyForDeploymentPostprocessing = 0;
		};
/* End PBXSourcesBuildPhase section */

/* Begin PBXVariantGroup section */
		AAC59B012A4E6BE000080A4E /* Main.storyboard */ = {
			isa = PBXVariantGroup;
			children = (
				AAC59B022A4E6BE000080A4E /* Base */,
			);
			name = Main.storyboard;
			sourceTree = "<group>";
		};
		AAC59B092A4E6BE100080A4E /* LaunchScreen.storyboard */ = {
			isa = PBXVariantGroup;
			children = (
				AAC59B0A2A4E6BE100080A4E /* Base */,
			);
			name = LaunchScreen.storyboard;
			sourceTree = "<group>";
		};
/* End PBXVariantGroup section */

/* Begin XCBuildConfiguration section */
		AAC59B0D2A4E6BE100080A4E /* Debug */ = {
			isa = XCBuildConfiguration;
			buildSettings = {
				ALWAYS_SEARCH_USER_PATHS = NO;
				CLANG_ANALYZER_NONNULL = YES;
				CLANG_ANALYZER_NUMBER_OBJECT_CONVERSION = YES_AGGRESSIVE;
				CLANG_CXX_LANGUAGE_STANDARD = "gnu++20";
				CLANG_ENABLE_MODULES = YES;
				CLANG_ENABLE_OBJC_ARC = YES;
				CLANG_ENABLE_OBJC_WEAK = YES;
				CLANG_WARN_BLOCK_CAPTURE_AUTORELEASING = YES;
				CLANG_WARN_BOOL_CONVERSION = YES;
				CLANG_WARN_COMMA = YES;
				CLANG_WARN_CONSTANT_CONVERSION = YES;
				CLANG_WARN_DEPRECATED_OBJC_IMPLEMENTATIONS = YES;
				CLANG_WARN_DIRECT_OBJC_ISA_USAGE = YES_ERROR;
				CLANG_WARN_DOCUMENTATION_COMMENTS = YES;
				CLANG_WARN_EMPTY_BODY = YES;
				CLANG_WARN_ENUM_CONVERSION = YES;
				CLANG_WARN_INFINITE_RECURSION = YES;
				CLANG_WARN_INT_CONVERSION = YES;
				CLANG_WARN_NON_LITERAL_NULL_CONVERSION = YES;
				CLANG_WARN_OBJC_IMPLICIT_RETAIN_SELF = YES;
				CLANG_WARN_OBJC_LITERAL_CONVERSION = YES;
				CLANG_WARN_OBJC_ROOT_CLASS = YES_ERROR;
				CLANG_WARN_QUOTED_INCLUDE_IN_FRAMEWORK_HEADER = YES;
				CLANG_WARN_RANGE_LOOP_ANALYSIS = YES;
				CLANG_WARN_STRICT_PROTOTYPES = YES;
				CLANG_WARN_SUSPICIOUS_MOVE = YES;
				CLANG_WARN_UNGUARDED_AVAILABILITY = YES_AGGRESSIVE;
				CLANG_WARN_UNREACHABLE_CODE = YES;
				CLANG_WARN__DUPLICATE_METHOD_MATCH = YES;
				COPY_PHASE_STRIP = NO;
				DEBUG_INFORMATION_FORMAT = dwarf;
				ENABLE_STRICT_OBJC_MSGSEND = YES;
				ENABLE_TESTABILITY = YES;
				GCC_C_LANGUAGE_STANDARD = gnu11;
				GCC_DYNAMIC_NO_PIC = NO;
				GCC_NO_COMMON_BLOCKS = YES;
				GCC_OPTIMIZATION_LEVEL = 0;
				GCC_PREPROCESSOR_DEFINITIONS = (
					"DEBUG=1",
					"$(inherited)",
				);
				GCC_WARN_64_TO_32_BIT_CONVERSION = YES;
				GCC_WARN_ABOUT_RETURN_TYPE = YES_ERROR;
				GCC_WARN_UNDECLARED_SELECTOR = YES;
				GCC_WARN_UNINITIALIZED_AUTOS = YES_AGGRESSIVE;
				GCC_WARN_UNUSED_FUNCTION = YES;
				GCC_WARN_UNUSED_VARIABLE = YES;
				IPHONEOS_DEPLOYMENT_TARGET = 16.4;
				MTL_ENABLE_DEBUG_INFO = INCLUDE_SOURCE;
				MTL_FAST_MATH = YES;
				ONLY_ACTIVE_ARCH = YES;
				SDKROOT = iphoneos;
				SWIFT_ACTIVE_COMPILATION_CONDITIONS = DEBUG;
				SWIFT_OPTIMIZATION_LEVEL = "-Onone";
			};
			name = Debug;
		};
		AAC59B0E2A4E6BE100080A4E /* Release */ = {
			isa = XCBuildConfiguration;
			buildSettings = {
				ALWAYS_SEARCH_USER_PATHS = NO;
				CLANG_ANALYZER_NONNULL = YES;
				CLANG_ANALYZER_NUMBER_OBJECT_CONVERSION = YES_AGGRESSIVE;
				CLANG_CXX_LANGUAGE_STANDARD = "gnu++20";
				CLANG_ENABLE_MODULES = YES;
				CLANG_ENABLE_OBJC_ARC = YES;
				CLANG_ENABLE_OBJC_WEAK = YES;
				CLANG_WARN_BLOCK_CAPTURE_AUTORELEASING = YES;
				CLANG_WARN_BOOL_CONVERSION = YES;
				CLANG_WARN_COMMA = YES;
				CLANG_WARN_CONSTANT_CONVERSION = YES;
				CLANG_WARN_DEPRECATED_OBJC_IMPLEMENTATIONS = YES;
				CLANG_WARN_DIRECT_OBJC_ISA_USAGE = YES_ERROR;
				CLANG_WARN_DOCUMENTATION_COMMENTS = YES;
				CLANG_WARN_EMPTY_BODY = YES;
				CLANG_WARN_ENUM_CONVERSION = YES;
				CLANG_WARN_INFINITE_RECURSION = YES;
				CLANG_WARN_INT_CONVERSION = YES;
				CLANG_WARN_NON_LITERAL_NULL_CONVERSION = YES;
				CLANG_WARN_OBJC_IMPLICIT_RETAIN_SELF = YES;
				CLANG_WARN_OBJC_LITERAL_CONVERSION = YES;
				CLANG_WARN_OBJC_ROOT_CLASS = YES_ERROR;
				CLANG_WARN_QUOTED_INCLUDE_IN_FRAMEWORK_HEADER = YES;
				CLANG_WARN_RANGE_LOOP_ANALYSIS = YES;
				CLANG_WARN_STRICT_PROTOTYPES = YES;
				CLANG_WARN_SUSPICIOUS_MOVE = YES;
				CLANG_WARN_UNGUARDED_AVAILABILITY = YES_AGGRESSIVE;
				CLANG_WARN_UNREACHABLE_CODE = YES;
				CLANG_WARN__DUPLICATE_METHOD_MATCH = YES;
				COPY_PHASE_STRIP = NO;
				DEBUG_INFORMATION_FORMAT = "dwarf-with-dsym";
				ENABLE_NS_ASSERTIONS = NO;
				ENABLE_STRICT_OBJC_MSGSEND = YES;
				GCC_C_LANGUAGE_STANDARD = gnu11;
				GCC_NO_COMMON_BLOCKS = YES;
				GCC_WARN_64_TO_32_BIT_CONVERSION = YES;
				GCC_WARN_ABOUT_RETURN_TYPE = YES_ERROR;
				GCC_WARN_UNDECLARED_SELECTOR = YES;
				GCC_WARN_UNINITIALIZED_AUTOS = YES_AGGRESSIVE;
				GCC_WARN_UNUSED_FUNCTION = YES;
				GCC_WARN_UNUSED_VARIABLE = YES;
				IPHONEOS_DEPLOYMENT_TARGET = 16.4;
				MTL_ENABLE_DEBUG_INFO = NO;
				MTL_FAST_MATH = YES;
				SDKROOT = iphoneos;
				SWIFT_COMPILATION_MODE = wholemodule;
				SWIFT_OPTIMIZATION_LEVEL = "-O";
				VALIDATE_PRODUCT = YES;
			};
			name = Release;
		};
		AAC59B102A4E6BE100080A4E /* Debug */ = {
			isa = XCBuildConfiguration;
			buildSettings = {
				ASSETCATALOG_COMPILER_APPICON_NAME = AppIcon;
				ASSETCATALOG_COMPILER_GLOBAL_ACCENT_COLOR_NAME = AccentColor;
				CODE_SIGN_STYLE = Automatic;
				CURRENT_PROJECT_VERSION = 1;
				DEVELOPMENT_TEAM = X488UGSKL2;
				GENERATE_INFOPLIST_FILE = YES;
				INFOPLIST_FILE = Noting/Info.plist;
				INFOPLIST_KEY_UIApplicationSupportsIndirectInputEvents = YES;
				INFOPLIST_KEY_UILaunchStoryboardName = LaunchScreen;
				INFOPLIST_KEY_UIMainStoryboardFile = Main;
				INFOPLIST_KEY_UISupportedInterfaceOrientations_iPad = "UIInterfaceOrientationPortrait UIInterfaceOrientationPortraitUpsideDown UIInterfaceOrientationLandscapeLeft UIInterfaceOrientationLandscapeRight";
				INFOPLIST_KEY_UISupportedInterfaceOrientations_iPhone = "UIInterfaceOrientationPortrait UIInterfaceOrientationLandscapeLeft UIInterfaceOrientationLandscapeRight";
				LD_RUNPATH_SEARCH_PATHS = (
					"$(inherited)",
					"@executable_path/Frameworks",
				);
				MARKETING_VERSION = 1.0;
				PRODUCT_BUNDLE_IDENTIFIER = com.ethanhuang.Noting;
				PRODUCT_NAME = "$(TARGET_NAME)";
				SWIFT_EMIT_LOC_STRINGS = YES;
				SWIFT_VERSION = 5.0;
				TARGETED_DEVICE_FAMILY = "1,2";
			};
			name = Debug;
		};
		AAC59B112A4E6BE100080A4E /* Release */ = {
			isa = XCBuildConfiguration;
			buildSettings = {
				ASSETCATALOG_COMPILER_APPICON_NAME = AppIcon;
				ASSETCATALOG_COMPILER_GLOBAL_ACCENT_COLOR_NAME = AccentColor;
				CODE_SIGN_STYLE = Automatic;
				CURRENT_PROJECT_VERSION = 1;
				DEVELOPMENT_TEAM = X488UGSKL2;
				GENERATE_INFOPLIST_FILE = YES;
				INFOPLIST_FILE = Noting/Info.plist;
				INFOPLIST_KEY_UIApplicationSupportsIndirectInputEvents = YES;
				INFOPLIST_KEY_UILaunchStoryboardName = LaunchScreen;
				INFOPLIST_KEY_UIMainStoryboardFile = Main;
				INFOPLIST_KEY_UISupportedInterfaceOrientations_iPad = "UIInterfaceOrientationPortrait UIInterfaceOrientationPortraitUpsideDown UIInterfaceOrientationLandscapeLeft UIInterfaceOrientationLandscapeRight";
				INFOPLIST_KEY_UISupportedInterfaceOrientations_iPhone = "UIInterfaceOrientationPortrait UIInterfaceOrientationLandscapeLeft UIInterfaceOrientationLandscapeRight";
				LD_RUNPATH_SEARCH_PATHS = (
					"$(inherited)",
					"@executable_path/Frameworks",
				);
				MARKETING_VERSION = 1.0;
				PRODUCT_BUNDLE_IDENTIFIER = com.ethanhuang.Noting;
				PRODUCT_NAME = "$(TARGET_NAME)";
				SWIFT_EMIT_LOC_STRINGS = YES;
				SWIFT_VERSION = 5.0;
				TARGETED_DEVICE_FAMILY = "1,2";
			};
			name = Release;
		};
/* End XCBuildConfiguration section */

/* Begin XCConfigurationList section */
		AAC59AF32A4E6BE000080A4E /* Build configuration list for PBXProject "Noting" */ = {
			isa = XCConfigurationList;
			buildConfigurations = (
				AAC59B0D2A4E6BE100080A4E /* Debug */,
				AAC59B0E2A4E6BE100080A4E /* Release */,
			);
			defaultConfigurationIsVisible = 0;
			defaultConfigurationName = Release;
		};
		AAC59B0F2A4E6BE100080A4E /* Build configuration list for PBXNativeTarget "Noting" */ = {
			isa = XCConfigurationList;
			buildConfigurations = (
				AAC59B102A4E6BE100080A4E /* Debug */,
				AAC59B112A4E6BE100080A4E /* Release */,
			);
			defaultConfigurationIsVisible = 0;
			defaultConfigurationName = Release;
		};
/* End XCConfigurationList section */

/* Begin XCVersionGroup section */
		AA74E2992A5646BF007ABD4C /* Noting.xcdatamodeld */ = {
			isa = XCVersionGroup;
			children = (
				AA74E29A2A5646BF007ABD4C /* Noting.xcdatamodel */,
			);
			currentVersion = AA74E29A2A5646BF007ABD4C /* Noting.xcdatamodel */;
			path = Noting.xcdatamodeld;
			sourceTree = "<group>";
			versionGroupType = wrapper.xcdatamodel;
		};
/* End XCVersionGroup section */
	};
	rootObject = AAC59AF02A4E6BE000080A4E /* Project object */;
}
